// !$*UTF8*$!
{
	archiveVersion = 1;
	classes = {
	};
	objectVersion = 46;
	objects = {

/* Begin PBXCopyFilesBuildPhase section */
		D621DB521A9E351200444435 /* CopyFiles */ = {
			isa = PBXCopyFilesBuildPhase;
			buildActionMask = 2147483647;
			dstPath = /usr/share/man/man1/;
			dstSubfolderSpec = 0;
			files = (
			);
			runOnlyForDeploymentPostprocessing = 1;
		};
/* End PBXCopyFilesBuildPhase section */

/* Begin PBXFileReference section */
		D621DB541A9E351200444435 /* Question-1 */ = {isa = PBXFileReference; explicitFileType = "compiled.mach-o.executable"; includeInIndex = 0; path = "Question-1"; sourceTree = BUILT_PRODUCTS_DIR; };
		D63819BB1AB4868500059A54 /* main.c */ = {isa = PBXFileReference; lastKnownFileType = sourcecode.c.c; path = main.c; sourceTree = "<group>"; };
		D63819BD1AB4868F00059A54 /* main.c */ = {isa = PBXFileReference; lastKnownFileType = sourcecode.c.c; path = main.c; sourceTree = "<group>"; };
		D63819BF1AB486CA00059A54 /* main.c */ = {isa = PBXFileReference; lastKnownFileType = sourcecode.c.c; path = main.c; sourceTree = "<group>"; };
/* End PBXFileReference section */

/* Begin PBXFrameworksBuildPhase section */
		D621DB511A9E351200444435 /* Frameworks */ = {
			isa = PBXFrameworksBuildPhase;
			buildActionMask = 2147483647;
			files = (
			);
			runOnlyForDeploymentPostprocessing = 0;
		};
/* End PBXFrameworksBuildPhase section */

/* Begin PBXGroup section */
		D621DB4B1A9E351200444435 = {
			isa = PBXGroup;
			children = (
				D63819BC1AB4868F00059A54 /* Question-3 */,
				D63819BA1AB4868500059A54 /* Question-2 */,
				D63819BE1AB486CA00059A54 /* Question-1 */,
				D621DB551A9E351200444435 /* Products */,
			);
			sourceTree = "<group>";
		};
		D621DB551A9E351200444435 /* Products */ = {
			isa = PBXGroup;
			children = (
				D621DB541A9E351200444435 /* Question-1 */,
			);
			name = Products;
			sourceTree = "<group>";
		};
		D63819BA1AB4868500059A54 /* Question-2 */ = {
			isa = PBXGroup;
			children = (
				D63819BB1AB4868500059A54 /* main.c */,
			);
			path = "Question-2";
			sourceTree = "<group>";
		};
		D63819BC1AB4868F00059A54 /* Question-3 */ = {
			isa = PBXGroup;
			children = (
				D63819BD1AB4868F00059A54 /* main.c */,
			);
			path = "Question-3";
			sourceTree = "<group>";
		};
		D63819BE1AB486CA00059A54 /* Question-1 */ = {
			isa = PBXGroup;
			children = (
				D63819BF1AB486CA00059A54 /* main.c */,
			);
			path = "Question-1";
			sourceTree = "<group>";
		};
/* End PBXGroup section */

/* Begin PBXNativeTarget section */
		D621DB531A9E351200444435 /* Question-1 */ = {
			isa = PBXNativeTarget;
			buildConfigurationList = D621DB5B1A9E351200444435 /* Build configuration list for PBXNativeTarget "Question-1" */;
			buildPhases = (
				D621DB501A9E351200444435 /* Sources */,
				D621DB511A9E351200444435 /* Frameworks */,
				D621DB521A9E351200444435 /* CopyFiles */,
			);
			buildRules = (
			);
			dependencies = (
			);
			name = "Question-1";
			productName = ClassWork01;
			productReference = D621DB541A9E351200444435 /* Question-1 */;
			productType = "com.apple.product-type.tool";
		};
/* End PBXNativeTarget section */

/* Begin PBXProject section */
		D621DB4C1A9E351200444435 /* Project object */ = {
			isa = PBXProject;
			attributes = {
				LastUpgradeCheck = 0610;
				ORGANIZATIONNAME = "Semih Onay";
				TargetAttributes = {
					D621DB531A9E351200444435 = {
						CreatedOnToolsVersion = 6.1.1;
					};
				};
			};
			buildConfigurationList = D621DB4F1A9E351200444435 /* Build configuration list for PBXProject "Question-1" */;
			compatibilityVersion = "Xcode 3.2";
			developmentRegion = English;
			hasScannedForEncodings = 0;
			knownRegions = (
				en,
			);
			mainGroup = D621DB4B1A9E351200444435;
			productRefGroup = D621DB551A9E351200444435 /* Products */;
			projectDirPath = "";
			projectRoot = "";
			targets = (
				D621DB531A9E351200444435 /* Question-1 */,
			);
		};
/* End PBXProject section */

/* Begin PBXSourcesBuildPhase section */
		D621DB501A9E351200444435 /* Sources */ = {
			isa = PBXSourcesBuildPhase;
			buildActionMask = 2147483647;
			files = (
			);
			runOnlyForDeploymentPostprocessing = 0;
		};
/* End PBXSourcesBuildPhase section */

/* Begin XCBuildConfiguration section */
		D621DB591A9E351200444435 /* Debug */ = {
			isa = XCBuildConfiguration;
			buildSettings = {
				ALWAYS_SEARCH_USER_PATHS = NO;
				CLANG_CXX_LANGUAGE_STANDARD = "gnu++0x";
				CLANG_CXX_LIBRARY = "libc++";
				CLANG_ENABLE_MODULES = YES;
				CLANG_ENABLE_OBJC_ARC = YES;
				CLANG_WARN_BOOL_CONVERSION = YES;
				CLANG_WARN_CONSTANT_CONVERSION = YES;
				CLANG_WARN_DIRECT_OBJC_ISA_USAGE = YES_ERROR;
				CLANG_WARN_EMPTY_BODY = YES;
				CLANG_WARN_ENUM_CONVERSION = YES;
				CLANG_WARN_INT_CONVERSION = YES;
				CLANG_WARN_OBJC_ROOT_CLASS = YES_ERROR;
				CLANG_WARN_UNREACHABLE_CODE = YES;
				CLANG_WARN__DUPLICATE_METHOD_MATCH = YES;
				COPY_PHASE_STRIP = NO;
				ENABLE_STRICT_OBJC_MSGSEND = YES;
				GCC_C_LANGUAGE_STANDARD = gnu99;
				GCC_DYNAMIC_NO_PIC = NO;
				GCC_OPTIMIZATION_LEVEL = 0;
				GCC_PREPROCESSOR_DEFINITIONS = (
					"DEBUG=1",
					"$(inherited)",
				);
				GCC_SYMBOLS_PRIVATE_EXTERN = NO;
				GCC_WARN_64_TO_32_BIT_CONVERSION = YES;
				GCC_WARN_ABOUT_RETURN_TYPE = YES_ERROR;
				GCC_WARN_UNDECLARED_SELECTOR = YES;
				GCC_WARN_UNINITIALIZED_AUTOS = YES_AGGRESSIVE;
				GCC_WARN_UNUSED_FUNCTION = YES;
				GCC_WARN_UNUSED_VARIABLE = YES;
				MACOSX_DEPLOYMENT_TARGET = 10.10;
				MTL_ENABLE_DEBUG_INFO = YES;
				ONLY_ACTIVE_ARCH = YES;
				SDKROOT = macosx;
			};
			name = Debug;
		};
		D621DB5A1A9E351200444435 /* Release */ = {
			isa = XCBuildConfiguration;
			buildSettings = {
				ALWAYS_SEARCH_USER_PATHS = NO;
				CLANG_CXX_LANGUAGE_STANDARD = "gnu++0x";
				CLANG_CXX_LIBRARY = "libc++";
				CLANG_ENABLE_MODULES = YES;
				CLANG_ENABLE_OBJC_ARC = YES;
				CLANG_WARN_BOOL_CONVERSION = YES;
				CLANG_WARN_CONSTANT_CONVERSION = YES;
				CLANG_WARN_DIRECT_OBJC_ISA_USAGE = YES_ERROR;
				CLANG_WARN_EMPTY_BODY = YES;
				CLANG_WARN_ENUM_CONVERSION = YES;
				CLANG_WARN_INT_CONVERSION = YES;
				CLANG_WARN_OBJC_ROOT_CLASS = YES_ERROR;
				CLANG_WARN_UNREACHABLE_CODE = YES;
				CLANG_WARN__DUPLICATE_METHOD_MATCH = YES;
				COPY_PHASE_STRIP = YES;
				DEBUG_INFORMATION_FORMAT = "dwarf-with-dsym";
				ENABLE_NS_ASSERTIONS = NO;
				ENABLE_STRICT_OBJC_MSGSEND = YES;
				GCC_C_LANGUAGE_STANDARD = gnu99;
				GCC_WARN_64_TO_32_BIT_CONVERSION = YES;
				GCC_WARN_ABOUT_RETURN_TYPE = YES_ERROR;
				GCC_WARN_UNDECLARED_SELECTOR = YES;
				GCC_WARN_UNINITIALIZED_AUTOS = YES_AGGRESSIVE;
				GCC_WARN_UNUSED_FUNCTION = YES;
				GCC_WARN_UNUSED_VARIABLE = YES;
				MACOSX_DEPLOYMENT_TARGET = 10.10;
				MTL_ENABLE_DEBUG_INFO = NO;
				SDKROOT = macosx;
			};
			name = Release;
		};
		D621DB5C1A9E351200444435 /* Debug */ = {
			isa = XCBuildConfiguration;
			buildSettings = {
				PRODUCT_NAME = "Question-1";
			};
			name = Debug;
		};
		D621DB5D1A9E351200444435 /* Release */ = {
			isa = XCBuildConfiguration;
			buildSettings = {
				PRODUCT_NAME = "Question-1";
			};
			name = Release;
		};
/* End XCBuildConfiguration section */

/* Begin XCConfigurationList section */
		D621DB4F1A9E351200444435 /* Build configuration list for PBXProject "Question-1" */ = {
			isa = XCConfigurationList;
			buildConfigurations = (
				D621DB591A9E351200444435 /* Debug */,
				D621DB5A1A9E351200444435 /* Release */,
			);
			defaultConfigurationIsVisible = 0;
			defaultConfigurationName = Release;
		};
		D621DB5B1A9E351200444435 /* Build configuration list for PBXNativeTarget "Question-1" */ = {
			isa = XCConfigurationList;
			buildConfigurations = (
				D621DB5C1A9E351200444435 /* Debug */,
				D621DB5D1A9E351200444435 /* Release */,
			);
			defaultConfigurationIsVisible = 0;
			defaultConfigurationName = Release;
		};
/* End XCConfigurationList section */
	};
	rootObject = D621DB4C1A9E351200444435 /* Project object */;
}
